
Microsoft Visual Studio Solution File, Format Version 12.00
# Visual Studio Version 17
VisualStudioVersion = 17.9.34728.123
MinimumVisualStudioVersion = 10.0.40219.1
Project("{FAE04EC0-301F-11D3-BF4B-00C04F79EFBC}") = "Tetris", "Tetris.csproj", "{F80D55D3-8162-4E25-9AE6-27D8B6C0F46C}"
EndProject
Global
	GlobalSection(SolutionConfigurationPlatforms) = preSolution
		Debug|Any CPU = Debug|Any CPU
		Release|Any CPU = Release|Any CPU
	EndGlobalSection
	GlobalSection(ProjectConfigurationPlatforms) = postSolution
		{F80D55D3-8162-4E25-9AE6-27D8B6C0F46C}.Debug|Any CPU.ActiveCfg = Debug|Any CPU
		{F80D55D3-8162-4E25-9AE6-27D8B6C0F46C}.Debug|Any CPU.Build.0 = Debug|Any CPU
		{F80D55D3-8162-4E25-9AE6-27D8B6C0F46C}.Release|Any CPU.ActiveCfg = Release|Any CPU
		{F80D55D3-8162-4E25-9AE6-27D8B6C0F46C}.Release|Any CPU.Build.0 = Release|Any CPU
	EndGlobalSection
	GlobalSection(SolutionProperties) = preSolution
		HideSolutionNode = FALSE
	EndGlobalSection
	GlobalSection(ExtensibilityGlobals) = postSolution
		SolutionGuid = {656B605D-3040-4E81-ABD6-A4674EDFA2A5}
	EndGlobalSection
EndGlobal
